
Microsoft Visual Studio Solution File, Format Version 12.00
# Visual Studio 15
VisualStudioVersion = 15.0.27004.2006
MinimumVisualStudioVersion = 10.0.40219.1
Project("{FAE04EC0-301F-11D3-BF4B-00C04F79EFBC}") = "AliceTestMay15th", "AliceTestMay15th\AliceTestMay15th.csproj", "{7ECF6025-57D1-4C03-9DDD-54282567AF40}"
EndProject
Global
	GlobalSection(SolutionConfigurationPlatforms) = preSolution
		Debug|Any CPU = Debug|Any CPU
		Release|Any CPU = Release|Any CPU
	EndGlobalSection
	GlobalSection(ProjectConfigurationPlatforms) = postSolution
		{7ECF6025-57D1-4C03-9DDD-54282567AF40}.Debug|Any CPU.ActiveCfg = Debug|Any CPU
		{7ECF6025-57D1-4C03-9DDD-54282567AF40}.Debug|Any CPU.Build.0 = Debug|Any CPU
		{7ECF6025-57D1-4C03-9DDD-54282567AF40}.Release|Any CPU.ActiveCfg = Release|Any CPU
		{7ECF6025-57D1-4C03-9DDD-54282567AF40}.Release|Any CPU.Build.0 = Release|Any CPU
	EndGlobalSection
	GlobalSection(SolutionProperties) = preSolution
		HideSolutionNode = FALSE
	EndGlobalSection
	GlobalSection(ExtensibilityGlobals) = postSolution
		SolutionGuid = {AB92B4A4-23D1-42CE-A3A2-800CF6A8A1CA}
	EndGlobalSection
EndGlobal
